
Microsoft Visual Studio Solution File, Format Version 12.00
# Visual Studio Version 16
VisualStudioVersion = 16.0.31205.134
MinimumVisualStudioVersion = 10.0.40219.1
Project("{FAE04EC0-301F-11D3-BF4B-00C04F79EFBC}") = "Client", "Client\Client.csproj", "{A3DF58EE-D910-468A-9965-3D04F4F71B03}"
EndProject
Project("{FAE04EC0-301F-11D3-BF4B-00C04F79EFBC}") = "Common", "Common\Common.csproj", "{A33FE68E-CE66-4148-A165-A61218A7F9C9}"
EndProject
Project("{FAE04EC0-301F-11D3-BF4B-00C04F79EFBC}") = "Service", "Service\Service.csproj", "{3EDF91C8-AA17-4B5B-8377-933898FE8018}"
EndProject
Project("{FAE04EC0-301F-11D3-BF4B-00C04F79EFBC}") = "Manager", "Manager\Manager.csproj", "{F3A52CE2-D8F8-4E17-A3B7-563F65EC088E}"
EndProject
Project("{FAE04EC0-301F-11D3-BF4B-00C04F79EFBC}") = "Audit", "Audit\Audit.csproj", "{4F04CBAE-EB0C-4989-94BC-0FBA5EF16E45}"
EndProject
Global
	GlobalSection(SolutionConfigurationPlatforms) = preSolution
		Debug|Any CPU = Debug|Any CPU
		Release|Any CPU = Release|Any CPU
	EndGlobalSection
	GlobalSection(ProjectConfigurationPlatforms) = postSolution
		{A3DF58EE-D910-468A-9965-3D04F4F71B03}.Debug|Any CPU.ActiveCfg = Debug|Any CPU
		{A3DF58EE-D910-468A-9965-3D04F4F71B03}.Debug|Any CPU.Build.0 = Debug|Any CPU
		{A3DF58EE-D910-468A-9965-3D04F4F71B03}.Release|Any CPU.ActiveCfg = Release|Any CPU
		{A3DF58EE-D910-468A-9965-3D04F4F71B03}.Release|Any CPU.Build.0 = Release|Any CPU
		{A33FE68E-CE66-4148-A165-A61218A7F9C9}.Debug|Any CPU.ActiveCfg = Debug|Any CPU
		{A33FE68E-CE66-4148-A165-A61218A7F9C9}.Debug|Any CPU.Build.0 = Debug|Any CPU
		{A33FE68E-CE66-4148-A165-A61218A7F9C9}.Release|Any CPU.ActiveCfg = Release|Any CPU
		{A33FE68E-CE66-4148-A165-A61218A7F9C9}.Release|Any CPU.Build.0 = Release|Any CPU
		{3EDF91C8-AA17-4B5B-8377-933898FE8018}.Debug|Any CPU.ActiveCfg = Debug|Any CPU
		{3EDF91C8-AA17-4B5B-8377-933898FE8018}.Debug|Any CPU.Build.0 = Debug|Any CPU
		{3EDF91C8-AA17-4B5B-8377-933898FE8018}.Release|Any CPU.ActiveCfg = Release|Any CPU
		{3EDF91C8-AA17-4B5B-8377-933898FE8018}.Release|Any CPU.Build.0 = Release|Any CPU
		{F3A52CE2-D8F8-4E17-A3B7-563F65EC088E}.Debug|Any CPU.ActiveCfg = Debug|Any CPU
		{F3A52CE2-D8F8-4E17-A3B7-563F65EC088E}.Debug|Any CPU.Build.0 = Debug|Any CPU
		{F3A52CE2-D8F8-4E17-A3B7-563F65EC088E}.Release|Any CPU.ActiveCfg = Release|Any CPU
		{F3A52CE2-D8F8-4E17-A3B7-563F65EC088E}.Release|Any CPU.Build.0 = Release|Any CPU
		{4F04CBAE-EB0C-4989-94BC-0FBA5EF16E45}.Debug|Any CPU.ActiveCfg = Debug|Any CPU
		{4F04CBAE-EB0C-4989-94BC-0FBA5EF16E45}.Debug|Any CPU.Build.0 = Debug|Any CPU
		{4F04CBAE-EB0C-4989-94BC-0FBA5EF16E45}.Release|Any CPU.ActiveCfg = Release|Any CPU
		{4F04CBAE-EB0C-4989-94BC-0FBA5EF16E45}.Release|Any CPU.Build.0 = Release|Any CPU
	EndGlobalSection
	GlobalSection(SolutionProperties) = preSolution
		HideSolutionNode = FALSE
	EndGlobalSection
	GlobalSection(ExtensibilityGlobals) = postSolution
		SolutionGuid = {1048D0CB-86BA-4C26-8247-7EDBDB6E1D73}
	EndGlobalSection
EndGlobal
